// !$*UTF8*$!
{
	archiveVersion = 1;
	classes = {
	};
	objectVersion = 56;
	objects = {

/* Begin PBXBuildFile section */
		D509650D2C46821600B1B03F /* AppDelegate.swift in Sources */ = {isa = PBXBuildFile; fileRef = D509650C2C46821600B1B03F /* AppDelegate.swift */; };
		D509650F2C46821600B1B03F /* SceneDelegate.swift in Sources */ = {isa = PBXBuildFile; fileRef = D509650E2C46821600B1B03F /* SceneDelegate.swift */; };
		D50965112C46821600B1B03F /* HomeViewController.swift in Sources */ = {isa = PBXBuildFile; fileRef = D50965102C46821600B1B03F /* HomeViewController.swift */; };
		D50965162C46821600B1B03F /* Assets.xcassets in Resources */ = {isa = PBXBuildFile; fileRef = D50965152C46821600B1B03F /* Assets.xcassets */; };
		D50965192C46821600B1B03F /* Base in Resources */ = {isa = PBXBuildFile; fileRef = D50965182C46821600B1B03F /* Base */; };
		D50965262C46879D00B1B03F /* TabBarViewController.swift in Sources */ = {isa = PBXBuildFile; fileRef = D50965252C46879D00B1B03F /* TabBarViewController.swift */; };
		D50965282C4689F300B1B03F /* SearchViewController.swift in Sources */ = {isa = PBXBuildFile; fileRef = D50965272C4689F300B1B03F /* SearchViewController.swift */; };
		D509652A2C468A0200B1B03F /* YourLibraryViewController.swift in Sources */ = {isa = PBXBuildFile; fileRef = D50965292C468A0200B1B03F /* YourLibraryViewController.swift */; };
		D509652E2C46918A00B1B03F /* AuthViewController.swift in Sources */ = {isa = PBXBuildFile; fileRef = D509652D2C46918A00B1B03F /* AuthViewController.swift */; };
		D50965302C46919600B1B03F /* WelcomeViewController.swift in Sources */ = {isa = PBXBuildFile; fileRef = D509652F2C46919600B1B03F /* WelcomeViewController.swift */; };
		D50965322C46925000B1B03F /* SettingsViewController.swift in Sources */ = {isa = PBXBuildFile; fileRef = D50965312C46925000B1B03F /* SettingsViewController.swift */; };
		D50965342C46925B00B1B03F /* PlaylistViewController.swift in Sources */ = {isa = PBXBuildFile; fileRef = D50965332C46925B00B1B03F /* PlaylistViewController.swift */; };
		D50965362C46926600B1B03F /* PlayerViewController.swift in Sources */ = {isa = PBXBuildFile; fileRef = D50965352C46926600B1B03F /* PlayerViewController.swift */; };
		D50965382C46927100B1B03F /* AuthManager.swift in Sources */ = {isa = PBXBuildFile; fileRef = D50965372C46927100B1B03F /* AuthManager.swift */; };
		D509653A2C46927B00B1B03F /* APIManager.swift in Sources */ = {isa = PBXBuildFile; fileRef = D50965392C46927B00B1B03F /* APIManager.swift */; };
		D53A025F2C48402800E3304E /* UIColor+.swift in Sources */ = {isa = PBXBuildFile; fileRef = D53A025E2C48402800E3304E /* UIColor+.swift */; };
		D562D2C92C75C3BA0009EC53 /* UIView+.swift in Sources */ = {isa = PBXBuildFile; fileRef = D562D2C82C75C3BA0009EC53 /* UIView+.swift */; };
		D562D2CB2C7611AD0009EC53 /* CustomWKWebView.swift in Sources */ = {isa = PBXBuildFile; fileRef = D562D2CA2C7611AD0009EC53 /* CustomWKWebView.swift */; };
		D562D2CD2C7613B50009EC53 /* AuthResponseModel.swift in Sources */ = {isa = PBXBuildFile; fileRef = D562D2CC2C7613B50009EC53 /* AuthResponseModel.swift */; };
		D5AC07562C89EA6D00F6D193 /* UserProfile.swift in Sources */ = {isa = PBXBuildFile; fileRef = D5AC07552C89EA6D00F6D193 /* UserProfile.swift */; };
		D5AC07582C89F0C200F6D193 /* ProfileViewController.swift in Sources */ = {isa = PBXBuildFile; fileRef = D5AC07572C89F0C200F6D193 /* ProfileViewController.swift */; };
		D5B74B842C9481B900974595 /* PlaylistModel.swift in Sources */ = {isa = PBXBuildFile; fileRef = D5B74B832C9481B900974595 /* PlaylistModel.swift */; };
/* End PBXBuildFile section */

/* Begin PBXFileReference section */
		D50965092C46821600B1B03F /* MySpotify.app */ = {isa = PBXFileReference; explicitFileType = wrapper.application; includeInIndex = 0; path = MySpotify.app; sourceTree = BUILT_PRODUCTS_DIR; };
		D509650C2C46821600B1B03F /* AppDelegate.swift */ = {isa = PBXFileReference; lastKnownFileType = sourcecode.swift; path = AppDelegate.swift; sourceTree = "<group>"; };
		D509650E2C46821600B1B03F /* SceneDelegate.swift */ = {isa = PBXFileReference; lastKnownFileType = sourcecode.swift; path = SceneDelegate.swift; sourceTree = "<group>"; };
		D50965102C46821600B1B03F /* HomeViewController.swift */ = {isa = PBXFileReference; lastKnownFileType = sourcecode.swift; path = HomeViewController.swift; sourceTree = "<group>"; };
		D50965152C46821600B1B03F /* Assets.xcassets */ = {isa = PBXFileReference; lastKnownFileType = folder.assetcatalog; path = Assets.xcassets; sourceTree = "<group>"; };
		D50965182C46821600B1B03F /* Base */ = {isa = PBXFileReference; lastKnownFileType = file.storyboard; name = Base; path = Base.lproj/LaunchScreen.storyboard; sourceTree = "<group>"; };
		D509651A2C46821600B1B03F /* Info.plist */ = {isa = PBXFileReference; lastKnownFileType = text.plist.xml; path = Info.plist; sourceTree = "<group>"; };
		D50965252C46879D00B1B03F /* TabBarViewController.swift */ = {isa = PBXFileReference; lastKnownFileType = sourcecode.swift; path = TabBarViewController.swift; sourceTree = "<group>"; };
		D50965272C4689F300B1B03F /* SearchViewController.swift */ = {isa = PBXFileReference; lastKnownFileType = sourcecode.swift; path = SearchViewController.swift; sourceTree = "<group>"; };
		D50965292C468A0200B1B03F /* YourLibraryViewController.swift */ = {isa = PBXFileReference; lastKnownFileType = sourcecode.swift; path = YourLibraryViewController.swift; sourceTree = "<group>"; };
		D509652D2C46918A00B1B03F /* AuthViewController.swift */ = {isa = PBXFileReference; lastKnownFileType = sourcecode.swift; path = AuthViewController.swift; sourceTree = "<group>"; };
		D509652F2C46919600B1B03F /* WelcomeViewController.swift */ = {isa = PBXFileReference; lastKnownFileType = sourcecode.swift; path = WelcomeViewController.swift; sourceTree = "<group>"; };
		D50965312C46925000B1B03F /* SettingsViewController.swift */ = {isa = PBXFileReference; lastKnownFileType = sourcecode.swift; path = SettingsViewController.swift; sourceTree = "<group>"; };
		D50965332C46925B00B1B03F /* PlaylistViewController.swift */ = {isa = PBXFileReference; lastKnownFileType = sourcecode.swift; path = PlaylistViewController.swift; sourceTree = "<group>"; };
		D50965352C46926600B1B03F /* PlayerViewController.swift */ = {isa = PBXFileReference; lastKnownFileType = sourcecode.swift; path = PlayerViewController.swift; sourceTree = "<group>"; };
		D50965372C46927100B1B03F /* AuthManager.swift */ = {isa = PBXFileReference; lastKnownFileType = sourcecode.swift; path = AuthManager.swift; sourceTree = "<group>"; };
		D50965392C46927B00B1B03F /* APIManager.swift */ = {isa = PBXFileReference; lastKnownFileType = sourcecode.swift; path = APIManager.swift; sourceTree = "<group>"; };
		D53A025E2C48402800E3304E /* UIColor+.swift */ = {isa = PBXFileReference; lastKnownFileType = sourcecode.swift; path = "UIColor+.swift"; sourceTree = "<group>"; };
		D562D2C82C75C3BA0009EC53 /* UIView+.swift */ = {isa = PBXFileReference; lastKnownFileType = sourcecode.swift; path = "UIView+.swift"; sourceTree = "<group>"; };
		D562D2CA2C7611AD0009EC53 /* CustomWKWebView.swift */ = {isa = PBXFileReference; lastKnownFileType = sourcecode.swift; path = CustomWKWebView.swift; sourceTree = "<group>"; };
		D562D2CC2C7613B50009EC53 /* AuthResponseModel.swift */ = {isa = PBXFileReference; lastKnownFileType = sourcecode.swift; path = AuthResponseModel.swift; sourceTree = "<group>"; };
		D5AC07552C89EA6D00F6D193 /* UserProfile.swift */ = {isa = PBXFileReference; lastKnownFileType = sourcecode.swift; path = UserProfile.swift; sourceTree = "<group>"; };
		D5AC07572C89F0C200F6D193 /* ProfileViewController.swift */ = {isa = PBXFileReference; lastKnownFileType = sourcecode.swift; path = ProfileViewController.swift; sourceTree = "<group>"; };
		D5B74B832C9481B900974595 /* PlaylistModel.swift */ = {isa = PBXFileReference; lastKnownFileType = sourcecode.swift; path = PlaylistModel.swift; sourceTree = "<group>"; };
/* End PBXFileReference section */

/* Begin PBXFrameworksBuildPhase section */
		D50965062C46821500B1B03F /* Frameworks */ = {
			isa = PBXFrameworksBuildPhase;
			buildActionMask = 2147483647;
			files = (
			);
			runOnlyForDeploymentPostprocessing = 0;
		};
/* End PBXFrameworksBuildPhase section */

/* Begin PBXGroup section */
		D50965002C46821500B1B03F = {
			isa = PBXGroup;
			children = (
				D509650B2C46821600B1B03F /* MySpotify */,
				D509650A2C46821600B1B03F /* Products */,
			);
			sourceTree = "<group>";
		};
		D509650A2C46821600B1B03F /* Products */ = {
			isa = PBXGroup;
			children = (
				D50965092C46821600B1B03F /* MySpotify.app */,
			);
			name = Products;
			sourceTree = "<group>";
		};
		D509650B2C46821600B1B03F /* MySpotify */ = {
			isa = PBXGroup;
			children = (
				D509650E2C46821600B1B03F /* SceneDelegate.swift */,
				D509650C2C46821600B1B03F /* AppDelegate.swift */,
				D50965242C46827700B1B03F /* Managers */,
				D50965232C46826000B1B03F /* Controllers */,
				D50965222C46825A00B1B03F /* Views */,
				D50965212C46825100B1B03F /* ViewModels */,
				D50965202C46824600B1B03F /* Models */,
				D53A025D2C48401700E3304E /* Extensions */,
				D50965152C46821600B1B03F /* Assets.xcassets */,
				D509651A2C46821600B1B03F /* Info.plist */,
			);
			path = MySpotify;
			sourceTree = "<group>";
		};
		D50965202C46824600B1B03F /* Models */ = {
			isa = PBXGroup;
			children = (
				D562D2CC2C7613B50009EC53 /* AuthResponseModel.swift */,
				D5AC07552C89EA6D00F6D193 /* UserProfile.swift */,
				D5B74B832C9481B900974595 /* PlaylistModel.swift */,
			);
			path = Models;
			sourceTree = "<group>";
		};
		D50965212C46825100B1B03F /* ViewModels */ = {
			isa = PBXGroup;
			children = (
			);
			path = ViewModels;
			sourceTree = "<group>";
		};
		D50965222C46825A00B1B03F /* Views */ = {
			isa = PBXGroup;
			children = (
				D50965172C46821600B1B03F /* LaunchScreen.storyboard */,
				D562D2CA2C7611AD0009EC53 /* CustomWKWebView.swift */,
			);
			path = Views;
			sourceTree = "<group>";
		};
		D50965232C46826000B1B03F /* Controllers */ = {
			isa = PBXGroup;
			children = (
				D509652C2C468F5500B1B03F /* Others */,
				D509652B2C468F4E00B1B03F /* Core */,
			);
			path = Controllers;
			sourceTree = "<group>";
		};
		D50965242C46827700B1B03F /* Managers */ = {
			isa = PBXGroup;
			children = (
				D50965372C46927100B1B03F /* AuthManager.swift */,
				D50965392C46927B00B1B03F /* APIManager.swift */,
			);
			path = Managers;
			sourceTree = "<group>";
		};
		D509652B2C468F4E00B1B03F /* Core */ = {
			isa = PBXGroup;
			children = (
				D50965102C46821600B1B03F /* HomeViewController.swift */,
				D50965252C46879D00B1B03F /* TabBarViewController.swift */,
				D50965272C4689F300B1B03F /* SearchViewController.swift */,
				D50965292C468A0200B1B03F /* YourLibraryViewController.swift */,
				D5AC07572C89F0C200F6D193 /* ProfileViewController.swift */,
			);
			path = Core;
			sourceTree = "<group>";
		};
		D509652C2C468F5500B1B03F /* Others */ = {
			isa = PBXGroup;
			children = (
				D509652D2C46918A00B1B03F /* AuthViewController.swift */,
				D509652F2C46919600B1B03F /* WelcomeViewController.swift */,
				D50965312C46925000B1B03F /* SettingsViewController.swift */,
				D50965332C46925B00B1B03F /* PlaylistViewController.swift */,
				D50965352C46926600B1B03F /* PlayerViewController.swift */,
			);
			path = Others;
			sourceTree = "<group>";
		};
		D53A025D2C48401700E3304E /* Extensions */ = {
			isa = PBXGroup;
			children = (
				D53A025E2C48402800E3304E /* UIColor+.swift */,
				D562D2C82C75C3BA0009EC53 /* UIView+.swift */,
			);
			path = Extensions;
			sourceTree = "<group>";
		};
/* End PBXGroup section */

/* Begin PBXNativeTarget section */
		D50965082C46821500B1B03F /* MySpotify */ = {
			isa = PBXNativeTarget;
			buildConfigurationList = D509651D2C46821600B1B03F /* Build configuration list for PBXNativeTarget "MySpotify" */;
			buildPhases = (
				D50965052C46821500B1B03F /* Sources */,
				D50965062C46821500B1B03F /* Frameworks */,
				D50965072C46821500B1B03F /* Resources */,
			);
			buildRules = (
			);
			dependencies = (
			);
			name = MySpotify;
			productName = MySpotify;
			productReference = D50965092C46821600B1B03F /* MySpotify.app */;
			productType = "com.apple.product-type.application";
		};
/* End PBXNativeTarget section */

/* Begin PBXProject section */
		D50965012C46821500B1B03F /* Project object */ = {
			isa = PBXProject;
			attributes = {
				BuildIndependentTargetsInParallel = 1;
				LastSwiftUpdateCheck = 1540;
				LastUpgradeCheck = 1540;
				TargetAttributes = {
					D50965082C46821500B1B03F = {
						CreatedOnToolsVersion = 15.4;
					};
				};
			};
			buildConfigurationList = D50965042C46821500B1B03F /* Build configuration list for PBXProject "MySpotify" */;
			compatibilityVersion = "Xcode 14.0";
			developmentRegion = en;
			hasScannedForEncodings = 0;
			knownRegions = (
				en,
				Base,
			);
			mainGroup = D50965002C46821500B1B03F;
			productRefGroup = D509650A2C46821600B1B03F /* Products */;
			projectDirPath = "";
			projectRoot = "";
			targets = (
				D50965082C46821500B1B03F /* MySpotify */,
			);
		};
/* End PBXProject section */

/* Begin PBXResourcesBuildPhase section */
		D50965072C46821500B1B03F /* Resources */ = {
			isa = PBXResourcesBuildPhase;
			buildActionMask = 2147483647;
			files = (
				D50965162C46821600B1B03F /* Assets.xcassets in Resources */,
				D50965192C46821600B1B03F /* Base in Resources */,
			);
			runOnlyForDeploymentPostprocessing = 0;
		};
/* End PBXResourcesBuildPhase section */

/* Begin PBXSourcesBuildPhase section */
		D50965052C46821500B1B03F /* Sources */ = {
			isa = PBXSourcesBuildPhase;
			buildActionMask = 2147483647;
			files = (
				D50965282C4689F300B1B03F /* SearchViewController.swift in Sources */,
				D5B74B842C9481B900974595 /* PlaylistModel.swift in Sources */,
				D50965382C46927100B1B03F /* AuthManager.swift in Sources */,
				D50965302C46919600B1B03F /* WelcomeViewController.swift in Sources */,
				D509652A2C468A0200B1B03F /* YourLibraryViewController.swift in Sources */,
				D562D2CD2C7613B50009EC53 /* AuthResponseModel.swift in Sources */,
				D50965262C46879D00B1B03F /* TabBarViewController.swift in Sources */,
				D509652E2C46918A00B1B03F /* AuthViewController.swift in Sources */,
				D562D2CB2C7611AD0009EC53 /* CustomWKWebView.swift in Sources */,
				D5AC07562C89EA6D00F6D193 /* UserProfile.swift in Sources */,
				D5AC07582C89F0C200F6D193 /* ProfileViewController.swift in Sources */,
				D50965112C46821600B1B03F /* HomeViewController.swift in Sources */,
				D50965342C46925B00B1B03F /* PlaylistViewController.swift in Sources */,
				D509650D2C46821600B1B03F /* AppDelegate.swift in Sources */,
				D562D2C92C75C3BA0009EC53 /* UIView+.swift in Sources */,
				D509650F2C46821600B1B03F /* SceneDelegate.swift in Sources */,
				D509653A2C46927B00B1B03F /* APIManager.swift in Sources */,
				D50965362C46926600B1B03F /* PlayerViewController.swift in Sources */,
				D50965322C46925000B1B03F /* SettingsViewController.swift in Sources */,
				D53A025F2C48402800E3304E /* UIColor+.swift in Sources */,
			);
			runOnlyForDeploymentPostprocessing = 0;
		};
/* End PBXSourcesBuildPhase section */

/* Begin PBXVariantGroup section */
		D50965172C46821600B1B03F /* LaunchScreen.storyboard */ = {
			isa = PBXVariantGroup;
			children = (
				D50965182C46821600B1B03F /* Base */,
			);
			name = LaunchScreen.storyboard;
			sourceTree = "<group>";
		};
/* End PBXVariantGroup section */

/* Begin XCBuildConfiguration section */
		D509651B2C46821600B1B03F /* Debug */ = {
			isa = XCBuildConfiguration;
			buildSettings = {
				ALWAYS_SEARCH_USER_PATHS = NO;
				ASSETCATALOG_COMPILER_GENERATE_SWIFT_ASSET_SYMBOL_EXTENSIONS = YES;
				CLANG_ANALYZER_NONNULL = YES;
				CLANG_ANALYZER_NUMBER_OBJECT_CONVERSION = YES_AGGRESSIVE;
				CLANG_CXX_LANGUAGE_STANDARD = "gnu++20";
				CLANG_ENABLE_MODULES = YES;
				CLANG_ENABLE_OBJC_ARC = YES;
				CLANG_ENABLE_OBJC_WEAK = YES;
				CLANG_WARN_BLOCK_CAPTURE_AUTORELEASING = YES;
				CLANG_WARN_BOOL_CONVERSION = YES;
				CLANG_WARN_COMMA = YES;
				CLANG_WARN_CONSTANT_CONVERSION = YES;
				CLANG_WARN_DEPRECATED_OBJC_IMPLEMENTATIONS = YES;
				CLANG_WARN_DIRECT_OBJC_ISA_USAGE = YES_ERROR;
				CLANG_WARN_DOCUMENTATION_COMMENTS = YES;
				CLANG_WARN_EMPTY_BODY = YES;
				CLANG_WARN_ENUM_CONVERSION = YES;
				CLANG_WARN_INFINITE_RECURSION = YES;
				CLANG_WARN_INT_CONVERSION = YES;
				CLANG_WARN_NON_LITERAL_NULL_CONVERSION = YES;
				CLANG_WARN_OBJC_IMPLICIT_RETAIN_SELF = YES;
				CLANG_WARN_OBJC_LITERAL_CONVERSION = YES;
				CLANG_WARN_OBJC_ROOT_CLASS = YES_ERROR;
				CLANG_WARN_QUOTED_INCLUDE_IN_FRAMEWORK_HEADER = YES;
				CLANG_WARN_RANGE_LOOP_ANALYSIS = YES;
				CLANG_WARN_STRICT_PROTOTYPES = YES;
				CLANG_WARN_SUSPICIOUS_MOVE = YES;
				CLANG_WARN_UNGUARDED_AVAILABILITY = YES_AGGRESSIVE;
				CLANG_WARN_UNREACHABLE_CODE = YES;
				CLANG_WARN__DUPLICATE_METHOD_MATCH = YES;
				COPY_PHASE_STRIP = NO;
				DEBUG_INFORMATION_FORMAT = dwarf;
				ENABLE_STRICT_OBJC_MSGSEND = YES;
				ENABLE_TESTABILITY = YES;
				ENABLE_USER_SCRIPT_SANDBOXING = YES;
				GCC_C_LANGUAGE_STANDARD = gnu17;
				GCC_DYNAMIC_NO_PIC = NO;
				GCC_NO_COMMON_BLOCKS = YES;
				GCC_OPTIMIZATION_LEVEL = 0;
				GCC_PREPROCESSOR_DEFINITIONS = (
					"DEBUG=1",
					"$(inherited)",
				);
				GCC_WARN_64_TO_32_BIT_CONVERSION = YES;
				GCC_WARN_ABOUT_RETURN_TYPE = YES_ERROR;
				GCC_WARN_UNDECLARED_SELECTOR = YES;
				GCC_WARN_UNINITIALIZED_AUTOS = YES_AGGRESSIVE;
				GCC_WARN_UNUSED_FUNCTION = YES;
				GCC_WARN_UNUSED_VARIABLE = YES;
				IPHONEOS_DEPLOYMENT_TARGET = 17.5;
				LOCALIZATION_PREFERS_STRING_CATALOGS = YES;
				MTL_ENABLE_DEBUG_INFO = INCLUDE_SOURCE;
				MTL_FAST_MATH = YES;
				ONLY_ACTIVE_ARCH = YES;
				SDKROOT = iphoneos;
				SWIFT_ACTIVE_COMPILATION_CONDITIONS = "DEBUG $(inherited)";
				SWIFT_OPTIMIZATION_LEVEL = "-Onone";
			};
			name = Debug;
		};
		D509651C2C46821600B1B03F /* Release */ = {
			isa = XCBuildConfiguration;
			buildSettings = {
				ALWAYS_SEARCH_USER_PATHS = NO;
				ASSETCATALOG_COMPILER_GENERATE_SWIFT_ASSET_SYMBOL_EXTENSIONS = YES;
				CLANG_ANALYZER_NONNULL = YES;
				CLANG_ANALYZER_NUMBER_OBJECT_CONVERSION = YES_AGGRESSIVE;
				CLANG_CXX_LANGUAGE_STANDARD = "gnu++20";
				CLANG_ENABLE_MODULES = YES;
				CLANG_ENABLE_OBJC_ARC = YES;
				CLANG_ENABLE_OBJC_WEAK = YES;
				CLANG_WARN_BLOCK_CAPTURE_AUTORELEASING = YES;
				CLANG_WARN_BOOL_CONVERSION = YES;
				CLANG_WARN_COMMA = YES;
				CLANG_WARN_CONSTANT_CONVERSION = YES;
				CLANG_WARN_DEPRECATED_OBJC_IMPLEMENTATIONS = YES;
				CLANG_WARN_DIRECT_OBJC_ISA_USAGE = YES_ERROR;
				CLANG_WARN_DOCUMENTATION_COMMENTS = YES;
				CLANG_WARN_EMPTY_BODY = YES;
				CLANG_WARN_ENUM_CONVERSION = YES;
				CLANG_WARN_INFINITE_RECURSION = YES;
				CLANG_WARN_INT_CONVERSION = YES;
				CLANG_WARN_NON_LITERAL_NULL_CONVERSION = YES;
				CLANG_WARN_OBJC_IMPLICIT_RETAIN_SELF = YES;
				CLANG_WARN_OBJC_LITERAL_CONVERSION = YES;
				CLANG_WARN_OBJC_ROOT_CLASS = YES_ERROR;
				CLANG_WARN_QUOTED_INCLUDE_IN_FRAMEWORK_HEADER = YES;
				CLANG_WARN_RANGE_LOOP_ANALYSIS = YES;
				CLANG_WARN_STRICT_PROTOTYPES = YES;
				CLANG_WARN_SUSPICIOUS_MOVE = YES;
				CLANG_WARN_UNGUARDED_AVAILABILITY = YES_AGGRESSIVE;
				CLANG_WARN_UNREACHABLE_CODE = YES;
				CLANG_WARN__DUPLICATE_METHOD_MATCH = YES;
				COPY_PHASE_STRIP = NO;
				DEBUG_INFORMATION_FORMAT = "dwarf-with-dsym";
				ENABLE_NS_ASSERTIONS = NO;
				ENABLE_STRICT_OBJC_MSGSEND = YES;
				ENABLE_USER_SCRIPT_SANDBOXING = YES;
				GCC_C_LANGUAGE_STANDARD = gnu17;
				GCC_NO_COMMON_BLOCKS = YES;
				GCC_WARN_64_TO_32_BIT_CONVERSION = YES;
				GCC_WARN_ABOUT_RETURN_TYPE = YES_ERROR;
				GCC_WARN_UNDECLARED_SELECTOR = YES;
				GCC_WARN_UNINITIALIZED_AUTOS = YES_AGGRESSIVE;
				GCC_WARN_UNUSED_FUNCTION = YES;
				GCC_WARN_UNUSED_VARIABLE = YES;
				IPHONEOS_DEPLOYMENT_TARGET = 17.5;
				LOCALIZATION_PREFERS_STRING_CATALOGS = YES;
				MTL_ENABLE_DEBUG_INFO = NO;
				MTL_FAST_MATH = YES;
				SDKROOT = iphoneos;
				SWIFT_COMPILATION_MODE = wholemodule;
				VALIDATE_PRODUCT = YES;
			};
			name = Release;
		};
		D509651E2C46821600B1B03F /* Debug */ = {
			isa = XCBuildConfiguration;
			buildSettings = {
				ASSETCATALOG_COMPILER_APPICON_NAME = AppIcon;
				ASSETCATALOG_COMPILER_GLOBAL_ACCENT_COLOR_NAME = AccentColor;
				ASSETCATALOG_COMPILER_INCLUDE_ALL_APPICON_ASSETS = NO;
				CODE_SIGN_STYLE = Automatic;
				CURRENT_PROJECT_VERSION = 1;
				DEVELOPMENT_TEAM = W5DTPZ2Q9H;
				GENERATE_INFOPLIST_FILE = YES;
				INFOPLIST_FILE = MySpotify/Info.plist;
				INFOPLIST_KEY_UIApplicationSupportsIndirectInputEvents = YES;
				INFOPLIST_KEY_UILaunchStoryboardName = LaunchScreen;
				INFOPLIST_KEY_UISupportedInterfaceOrientations = UIInterfaceOrientationPortrait;
				INFOPLIST_KEY_UISupportedInterfaceOrientations_iPad = "UIInterfaceOrientationLandscapeLeft UIInterfaceOrientationLandscapeRight UIInterfaceOrientationPortrait UIInterfaceOrientationPortraitUpsideDown";
				IPHONEOS_DEPLOYMENT_TARGET = 17.0;
				LD_RUNPATH_SEARCH_PATHS = (
					"$(inherited)",
					"@executable_path/Frameworks",
				);
				MARKETING_VERSION = 1.0;
				PRODUCT_BUNDLE_IDENTIFIER = com.madaminov0888.MySpotify;
				PRODUCT_NAME = "$(TARGET_NAME)";
				SUPPORTED_PLATFORMS = "iphoneos iphonesimulator";
				SUPPORTS_MACCATALYST = NO;
				SUPPORTS_MAC_DESIGNED_FOR_IPHONE_IPAD = NO;
				SUPPORTS_XR_DESIGNED_FOR_IPHONE_IPAD = NO;
				SWIFT_EMIT_LOC_STRINGS = YES;
				SWIFT_VERSION = 5.0;
				TARGETED_DEVICE_FAMILY = 1;
			};
			name = Debug;
		};
		D509651F2C46821600B1B03F /* Release */ = {
			isa = XCBuildConfiguration;
			buildSettings = {
				ASSETCATALOG_COMPILER_APPICON_NAME = AppIcon;
				ASSETCATALOG_COMPILER_GLOBAL_ACCENT_COLOR_NAME = AccentColor;
				ASSETCATALOG_COMPILER_INCLUDE_ALL_APPICON_ASSETS = NO;
				CODE_SIGN_STYLE = Automatic;
				CURRENT_PROJECT_VERSION = 1;
				DEVELOPMENT_TEAM = W5DTPZ2Q9H;
				GENERATE_INFOPLIST_FILE = YES;
				INFOPLIST_FILE = MySpotify/Info.plist;
				INFOPLIST_KEY_UIApplicationSupportsIndirectInputEvents = YES;
				INFOPLIST_KEY_UILaunchStoryboardName = LaunchScreen;
				INFOPLIST_KEY_UISupportedInterfaceOrientations = UIInterfaceOrientationPortrait;
				INFOPLIST_KEY_UISupportedInterfaceOrientations_iPad = "UIInterfaceOrientationLandscapeLeft UIInterfaceOrientationLandscapeRight UIInterfaceOrientationPortrait UIInterfaceOrientationPortraitUpsideDown";
				IPHONEOS_DEPLOYMENT_TARGET = 17.0;
				LD_RUNPATH_SEARCH_PATHS = (
					"$(inherited)",
					"@executable_path/Frameworks",
				);
				MARKETING_VERSION = 1.0;
				PRODUCT_BUNDLE_IDENTIFIER = com.madaminov0888.MySpotify;
				PRODUCT_NAME = "$(TARGET_NAME)";
				SUPPORTED_PLATFORMS = "iphoneos iphonesimulator";
				SUPPORTS_MACCATALYST = NO;
				SUPPORTS_MAC_DESIGNED_FOR_IPHONE_IPAD = NO;
				SUPPORTS_XR_DESIGNED_FOR_IPHONE_IPAD = NO;
				SWIFT_EMIT_LOC_STRINGS = YES;
				SWIFT_VERSION = 5.0;
				TARGETED_DEVICE_FAMILY = 1;
			};
			name = Release;
		};
/* End XCBuildConfiguration section */

/* Begin XCConfigurationList section */
		D50965042C46821500B1B03F /* Build configuration list for PBXProject "MySpotify" */ = {
			isa = XCConfigurationList;
			buildConfigurations = (
				D509651B2C46821600B1B03F /* Debug */,
				D509651C2C46821600B1B03F /* Release */,
			);
			defaultConfigurationIsVisible = 0;
			defaultConfigurationName = Release;
		};
		D509651D2C46821600B1B03F /* Build configuration list for PBXNativeTarget "MySpotify" */ = {
			isa = XCConfigurationList;
			buildConfigurations = (
				D509651E2C46821600B1B03F /* Debug */,
				D509651F2C46821600B1B03F /* Release */,
			);
			defaultConfigurationIsVisible = 0;
			defaultConfigurationName = Release;
		};
/* End XCConfigurationList section */
	};
	rootObject = D50965012C46821500B1B03F /* Project object */;
}
